
Microsoft Visual Studio Solution File, Format Version 12.00
# Visual Studio Version 17
VisualStudioVersion = 17.0.32126.317
MinimumVisualStudioVersion = 10.0.40219.1
Project("{FAE04EC0-301F-11D3-BF4B-00C04F79EFBC}") = "LPHN2CollectionLinq", "LPHN2CollectionLinq\LPHN2CollectionLinq.csproj", "{37C33F05-824A-4372-BC70-3DC24EA5C5F2}"
EndProject
Global
	GlobalSection(SolutionConfigurationPlatforms) = preSolution
		Debug|Any CPU = Debug|Any CPU
		Release|Any CPU = Release|Any CPU
	EndGlobalSection
	GlobalSection(ProjectConfigurationPlatforms) = postSolution
		{37C33F05-824A-4372-BC70-3DC24EA5C5F2}.Debug|Any CPU.ActiveCfg = Debug|Any CPU
		{37C33F05-824A-4372-BC70-3DC24EA5C5F2}.Debug|Any CPU.Build.0 = Debug|Any CPU
		{37C33F05-824A-4372-BC70-3DC24EA5C5F2}.Release|Any CPU.ActiveCfg = Release|Any CPU
		{37C33F05-824A-4372-BC70-3DC24EA5C5F2}.Release|Any CPU.Build.0 = Release|Any CPU
	EndGlobalSection
	GlobalSection(SolutionProperties) = preSolution
		HideSolutionNode = FALSE
	EndGlobalSection
	GlobalSection(ExtensibilityGlobals) = postSolution
		SolutionGuid = {C72BE4C7-DD01-48CB-B34F-846ADE2A0290}
	EndGlobalSection
EndGlobal
